
Microsoft Visual Studio Solution File, Format Version 12.00
# Visual Studio Version 17
VisualStudioVersion = 17.5.002.0
MinimumVisualStudioVersion = 10.0.40219.1
Project("{9A19103F-16F7-4668-BE54-9A1E7A4F7556}") = "WEB_API_RPG", "WEB_API_RPG.csproj", "{AB24D8CC-FDEC-45E8-A5E2-99741F182CC4}"
EndProject
Global
	GlobalSection(SolutionConfigurationPlatforms) = preSolution
		Debug|Any CPU = Debug|Any CPU
		Release|Any CPU = Release|Any CPU
	EndGlobalSection
	GlobalSection(ProjectConfigurationPlatforms) = postSolution
		{AB24D8CC-FDEC-45E8-A5E2-99741F182CC4}.Debug|Any CPU.ActiveCfg = Debug|Any CPU
		{AB24D8CC-FDEC-45E8-A5E2-99741F182CC4}.Debug|Any CPU.Build.0 = Debug|Any CPU
		{AB24D8CC-FDEC-45E8-A5E2-99741F182CC4}.Release|Any CPU.ActiveCfg = Release|Any CPU
		{AB24D8CC-FDEC-45E8-A5E2-99741F182CC4}.Release|Any CPU.Build.0 = Release|Any CPU
	EndGlobalSection
	GlobalSection(SolutionProperties) = preSolution
		HideSolutionNode = FALSE
	EndGlobalSection
	GlobalSection(ExtensibilityGlobals) = postSolution
		SolutionGuid = {BEE4CC82-20E3-40BB-873D-CC09E2FFA788}
	EndGlobalSection
EndGlobal
